
Microsoft Visual Studio Solution File, Format Version 12.00
# Visual Studio Version 17
VisualStudioVersion = 17.14.36623.8 d17.14
MinimumVisualStudioVersion = 10.0.40219.1
Project("{FAE04EC0-301F-11D3-BF4B-00C04F79EFBC}") = "BasicAI", "BasicAI.csproj", "{F8F6D17C-9095-4426-A751-86A7AAC19725}"
EndProject
Global
	GlobalSection(SolutionConfigurationPlatforms) = preSolution
		Debug|Any CPU = Debug|Any CPU
		Release|Any CPU = Release|Any CPU
	EndGlobalSection
	GlobalSection(ProjectConfigurationPlatforms) = postSolution
		{F8F6D17C-9095-4426-A751-86A7AAC19725}.Debug|Any CPU.ActiveCfg = Debug|Any CPU
		{F8F6D17C-9095-4426-A751-86A7AAC19725}.Debug|Any CPU.Build.0 = Debug|Any CPU
		{F8F6D17C-9095-4426-A751-86A7AAC19725}.Release|Any CPU.ActiveCfg = Release|Any CPU
		{F8F6D17C-9095-4426-A751-86A7AAC19725}.Release|Any CPU.Build.0 = Release|Any CPU
	EndGlobalSection
	GlobalSection(SolutionProperties) = preSolution
		HideSolutionNode = FALSE
	EndGlobalSection
	GlobalSection(ExtensibilityGlobals) = postSolution
		SolutionGuid = {CBC385AF-DCE5-4FA3-A8F4-003166216208}
	EndGlobalSection
EndGlobal
